
Microsoft Visual Studio Solution File, Format Version 12.00
# Visual Studio Version 17
VisualStudioVersion = 17.10.35004.147
MinimumVisualStudioVersion = 10.0.40219.1
Project("{FAE04EC0-301F-11D3-BF4B-00C04F79EFBC}") = "Abstracao", "Abstracao\Abstracao.csproj", "{41DD600B-846D-4029-A624-4EC9B6CC3DF1}"
EndProject
Global
	GlobalSection(SolutionConfigurationPlatforms) = preSolution
		Debug|Any CPU = Debug|Any CPU
		Release|Any CPU = Release|Any CPU
	EndGlobalSection
	GlobalSection(ProjectConfigurationPlatforms) = postSolution
		{41DD600B-846D-4029-A624-4EC9B6CC3DF1}.Debug|Any CPU.ActiveCfg = Debug|Any CPU
		{41DD600B-846D-4029-A624-4EC9B6CC3DF1}.Debug|Any CPU.Build.0 = Debug|Any CPU
		{41DD600B-846D-4029-A624-4EC9B6CC3DF1}.Release|Any CPU.ActiveCfg = Release|Any CPU
		{41DD600B-846D-4029-A624-4EC9B6CC3DF1}.Release|Any CPU.Build.0 = Release|Any CPU
	EndGlobalSection
	GlobalSection(SolutionProperties) = preSolution
		HideSolutionNode = FALSE
	EndGlobalSection
	GlobalSection(ExtensibilityGlobals) = postSolution
		SolutionGuid = {5D1DFEB8-21A2-466B-B264-E8A6613C7616}
	EndGlobalSection
EndGlobal
