
Microsoft Visual Studio Solution File, Format Version 12.00
# Visual Studio Version 17
VisualStudioVersion = 17.10.35004.147
MinimumVisualStudioVersion = 10.0.40219.1
Project("{FAE04EC0-301F-11D3-BF4B-00C04F79EFBC}") = "teste", "teste\teste.csproj", "{DECF9E79-D839-4DEC-831B-1E0ADE627EAD}"
EndProject
Global
	GlobalSection(SolutionConfigurationPlatforms) = preSolution
		Debug|Any CPU = Debug|Any CPU
		Release|Any CPU = Release|Any CPU
	EndGlobalSection
	GlobalSection(ProjectConfigurationPlatforms) = postSolution
		{DECF9E79-D839-4DEC-831B-1E0ADE627EAD}.Debug|Any CPU.ActiveCfg = Debug|Any CPU
		{DECF9E79-D839-4DEC-831B-1E0ADE627EAD}.Debug|Any CPU.Build.0 = Debug|Any CPU
		{DECF9E79-D839-4DEC-831B-1E0ADE627EAD}.Release|Any CPU.ActiveCfg = Release|Any CPU
		{DECF9E79-D839-4DEC-831B-1E0ADE627EAD}.Release|Any CPU.Build.0 = Release|Any CPU
	EndGlobalSection
	GlobalSection(SolutionProperties) = preSolution
		HideSolutionNode = FALSE
	EndGlobalSection
	GlobalSection(ExtensibilityGlobals) = postSolution
		SolutionGuid = {64583760-5087-442B-B5FE-90DE62925016}
	EndGlobalSection
EndGlobal
