
Microsoft Visual Studio Solution File, Format Version 12.00
# Visual Studio Version 17
VisualStudioVersion = 17.11.35208.52
MinimumVisualStudioVersion = 10.0.40219.1
Project("{FAE04EC0-301F-11D3-BF4B-00C04F79EFBC}") = "AtividadeFinal_Dados", "AtividadeFinal_Dados\AtividadeFinal_Dados.csproj", "{759AE68C-1BAE-4644-9C00-DD73B871AD10}"
EndProject
Global
	GlobalSection(SolutionConfigurationPlatforms) = preSolution
		Debug|Any CPU = Debug|Any CPU
		Release|Any CPU = Release|Any CPU
	EndGlobalSection
	GlobalSection(ProjectConfigurationPlatforms) = postSolution
		{759AE68C-1BAE-4644-9C00-DD73B871AD10}.Debug|Any CPU.ActiveCfg = Debug|Any CPU
		{759AE68C-1BAE-4644-9C00-DD73B871AD10}.Debug|Any CPU.Build.0 = Debug|Any CPU
		{759AE68C-1BAE-4644-9C00-DD73B871AD10}.Release|Any CPU.ActiveCfg = Release|Any CPU
		{759AE68C-1BAE-4644-9C00-DD73B871AD10}.Release|Any CPU.Build.0 = Release|Any CPU
	EndGlobalSection
	GlobalSection(SolutionProperties) = preSolution
		HideSolutionNode = FALSE
	EndGlobalSection
	GlobalSection(ExtensibilityGlobals) = postSolution
		SolutionGuid = {5D366A90-CECA-4E98-8054-A5BD9C1FC884}
	EndGlobalSection
EndGlobal
